
Microsoft Visual Studio Solution File, Format Version 12.00
# Visual Studio Version 16
VisualStudioVersion = 16.0.31702.278
MinimumVisualStudioVersion = 10.0.40219.1
Project("{2150E333-8FDC-42A3-9474-1A3956D46DE8}") = "Enterprise Business Rules", "Enterprise Business Rules", "{E5C3F23E-7397-45A1-AABE-878B6759375D}"
EndProject
Project("{FAE04EC0-301F-11D3-BF4B-00C04F79EFBC}") = "LatinoNet.Entities", "LatinoNet.Entities\LatinoNet.Entities.csproj", "{4DD648FB-2412-40CD-94B7-A5496DF8A26C}"
EndProject
Project("{2150E333-8FDC-42A3-9474-1A3956D46DE8}") = "Interface Adapters", "Interface Adapters", "{8564C7DB-592C-43F0-80A2-62E2F8E718A1}"
EndProject
Project("{2150E333-8FDC-42A3-9474-1A3956D46DE8}") = "Gateways", "Gateways", "{C065A5A9-16F8-4AD1-94F8-10698E0DA861}"
EndProject
Project("{FAE04EC0-301F-11D3-BF4B-00C04F79EFBC}") = "LatinoNet.RepositoryEFCore", "LatinoNet.RepositoryEFCore\LatinoNet.RepositoryEFCore.csproj", "{6122F5A4-E2CB-4049-BB0D-FAE3AD78F9F4}"
EndProject
Project("{2150E333-8FDC-42A3-9474-1A3956D46DE8}") = "Application Business Rules", "Application Business Rules", "{28A755CC-F643-435E-9B68-3829A87B146E}"
EndProject
Project("{FAE04EC0-301F-11D3-BF4B-00C04F79EFBC}") = "LatinoNet.DTOs", "LatinoNet.DTOs\LatinoNet.DTOs.csproj", "{42260FD5-7F59-4C4D-A075-FF33C3572DBC}"
EndProject
Project("{FAE04EC0-301F-11D3-BF4B-00C04F79EFBC}") = "LatinoNet.UseCasesPorts", "LatinoNet.UseCasesPorts\LatinoNet.UseCasesPorts.csproj", "{D9D55ACC-1547-4820-9BAD-3C176FCB9230}"
EndProject
Project("{FAE04EC0-301F-11D3-BF4B-00C04F79EFBC}") = "LatinoNet.UseCases", "LatinoNet.UseCases\LatinoNet.UseCases.csproj", "{2BE2212B-D9C9-4B39-98F5-2A2ADBF16A6A}"
EndProject
Project("{2150E333-8FDC-42A3-9474-1A3956D46DE8}") = "Presenters", "Presenters", "{CA9080B1-B3C9-41DD-B17D-C757908CB641}"
EndProject
Project("{FAE04EC0-301F-11D3-BF4B-00C04F79EFBC}") = "LatinoNet.Presenters", "LatinoNet.Presenters\LatinoNet.Presenters.csproj", "{A0DFCCE8-A671-4B2D-86B7-6F86F54324AC}"
EndProject
Project("{2150E333-8FDC-42A3-9474-1A3956D46DE8}") = "Controllers", "Controllers", "{D7492802-76B1-489E-BD76-E3D76F1655E4}"
EndProject
Project("{FAE04EC0-301F-11D3-BF4B-00C04F79EFBC}") = "LatinoNet.Controllers", "LatinoNet.Controllers\LatinoNet.Controllers.csproj", "{CBA33D0D-F49D-4108-98E6-7EE218A0089B}"
EndProject
Project("{FAE04EC0-301F-11D3-BF4B-00C04F79EFBC}") = "LatinoNet.IoC", "LatinoNet.IoC\LatinoNet.IoC.csproj", "{707CFB29-4606-40E6-8A35-1CE3A452770F}"
EndProject
Project("{2150E333-8FDC-42A3-9474-1A3956D46DE8}") = "Frameworks And Drivers", "Frameworks And Drivers", "{E26AD2DB-7507-45E1-9E88-461DBB45FEF9}"
EndProject
Project("{2150E333-8FDC-42A3-9474-1A3956D46DE8}") = "UIs", "UIs", "{FF6CBC1B-62A0-419C-A21B-D9455292FE7B}"
EndProject
Project("{FAE04EC0-301F-11D3-BF4B-00C04F79EFBC}") = "LatinoNet.Api", "LatinoNet.Api\LatinoNet.Api.csproj", "{1F0A893E-732D-49BC-AC29-69605B3305BB}"
EndProject
Global
	GlobalSection(SolutionConfigurationPlatforms) = preSolution
		Debug|Any CPU = Debug|Any CPU
		Release|Any CPU = Release|Any CPU
	EndGlobalSection
	GlobalSection(ProjectConfigurationPlatforms) = postSolution
		{4DD648FB-2412-40CD-94B7-A5496DF8A26C}.Debug|Any CPU.ActiveCfg = Debug|Any CPU
		{4DD648FB-2412-40CD-94B7-A5496DF8A26C}.Debug|Any CPU.Build.0 = Debug|Any CPU
		{4DD648FB-2412-40CD-94B7-A5496DF8A26C}.Release|Any CPU.ActiveCfg = Release|Any CPU
		{4DD648FB-2412-40CD-94B7-A5496DF8A26C}.Release|Any CPU.Build.0 = Release|Any CPU
		{6122F5A4-E2CB-4049-BB0D-FAE3AD78F9F4}.Debug|Any CPU.ActiveCfg = Debug|Any CPU
		{6122F5A4-E2CB-4049-BB0D-FAE3AD78F9F4}.Debug|Any CPU.Build.0 = Debug|Any CPU
		{6122F5A4-E2CB-4049-BB0D-FAE3AD78F9F4}.Release|Any CPU.ActiveCfg = Release|Any CPU
		{6122F5A4-E2CB-4049-BB0D-FAE3AD78F9F4}.Release|Any CPU.Build.0 = Release|Any CPU
		{42260FD5-7F59-4C4D-A075-FF33C3572DBC}.Debug|Any CPU.ActiveCfg = Debug|Any CPU
		{42260FD5-7F59-4C4D-A075-FF33C3572DBC}.Debug|Any CPU.Build.0 = Debug|Any CPU
		{42260FD5-7F59-4C4D-A075-FF33C3572DBC}.Release|Any CPU.ActiveCfg = Release|Any CPU
		{42260FD5-7F59-4C4D-A075-FF33C3572DBC}.Release|Any CPU.Build.0 = Release|Any CPU
		{D9D55ACC-1547-4820-9BAD-3C176FCB9230}.Debug|Any CPU.ActiveCfg = Debug|Any CPU
		{D9D55ACC-1547-4820-9BAD-3C176FCB9230}.Debug|Any CPU.Build.0 = Debug|Any CPU
		{D9D55ACC-1547-4820-9BAD-3C176FCB9230}.Release|Any CPU.ActiveCfg = Release|Any CPU
		{D9D55ACC-1547-4820-9BAD-3C176FCB9230}.Release|Any CPU.Build.0 = Release|Any CPU
		{2BE2212B-D9C9-4B39-98F5-2A2ADBF16A6A}.Debug|Any CPU.ActiveCfg = Debug|Any CPU
		{2BE2212B-D9C9-4B39-98F5-2A2ADBF16A6A}.Debug|Any CPU.Build.0 = Debug|Any CPU
		{2BE2212B-D9C9-4B39-98F5-2A2ADBF16A6A}.Release|Any CPU.ActiveCfg = Release|Any CPU
		{2BE2212B-D9C9-4B39-98F5-2A2ADBF16A6A}.Release|Any CPU.Build.0 = Release|Any CPU
		{A0DFCCE8-A671-4B2D-86B7-6F86F54324AC}.Debug|Any CPU.ActiveCfg = Debug|Any CPU
		{A0DFCCE8-A671-4B2D-86B7-6F86F54324AC}.Debug|Any CPU.Build.0 = Debug|Any CPU
		{A0DFCCE8-A671-4B2D-86B7-6F86F54324AC}.Release|Any CPU.ActiveCfg = Release|Any CPU
		{A0DFCCE8-A671-4B2D-86B7-6F86F54324AC}.Release|Any CPU.Build.0 = Release|Any CPU
		{CBA33D0D-F49D-4108-98E6-7EE218A0089B}.Debug|Any CPU.ActiveCfg = Debug|Any CPU
		{CBA33D0D-F49D-4108-98E6-7EE218A0089B}.Debug|Any CPU.Build.0 = Debug|Any CPU
		{CBA33D0D-F49D-4108-98E6-7EE218A0089B}.Release|Any CPU.ActiveCfg = Release|Any CPU
		{CBA33D0D-F49D-4108-98E6-7EE218A0089B}.Release|Any CPU.Build.0 = Release|Any CPU
		{707CFB29-4606-40E6-8A35-1CE3A452770F}.Debug|Any CPU.ActiveCfg = Debug|Any CPU
		{707CFB29-4606-40E6-8A35-1CE3A452770F}.Debug|Any CPU.Build.0 = Debug|Any CPU
		{707CFB29-4606-40E6-8A35-1CE3A452770F}.Release|Any CPU.ActiveCfg = Release|Any CPU
		{707CFB29-4606-40E6-8A35-1CE3A452770F}.Release|Any CPU.Build.0 = Release|Any CPU
		{1F0A893E-732D-49BC-AC29-69605B3305BB}.Debug|Any CPU.ActiveCfg = Debug|Any CPU
		{1F0A893E-732D-49BC-AC29-69605B3305BB}.Debug|Any CPU.Build.0 = Debug|Any CPU
		{1F0A893E-732D-49BC-AC29-69605B3305BB}.Release|Any CPU.ActiveCfg = Release|Any CPU
		{1F0A893E-732D-49BC-AC29-69605B3305BB}.Release|Any CPU.Build.0 = Release|Any CPU
	EndGlobalSection
	GlobalSection(SolutionProperties) = preSolution
		HideSolutionNode = FALSE
	EndGlobalSection
	GlobalSection(NestedProjects) = preSolution
		{4DD648FB-2412-40CD-94B7-A5496DF8A26C} = {E5C3F23E-7397-45A1-AABE-878B6759375D}
		{C065A5A9-16F8-4AD1-94F8-10698E0DA861} = {8564C7DB-592C-43F0-80A2-62E2F8E718A1}
		{6122F5A4-E2CB-4049-BB0D-FAE3AD78F9F4} = {C065A5A9-16F8-4AD1-94F8-10698E0DA861}
		{42260FD5-7F59-4C4D-A075-FF33C3572DBC} = {28A755CC-F643-435E-9B68-3829A87B146E}
		{D9D55ACC-1547-4820-9BAD-3C176FCB9230} = {28A755CC-F643-435E-9B68-3829A87B146E}
		{2BE2212B-D9C9-4B39-98F5-2A2ADBF16A6A} = {28A755CC-F643-435E-9B68-3829A87B146E}
		{CA9080B1-B3C9-41DD-B17D-C757908CB641} = {8564C7DB-592C-43F0-80A2-62E2F8E718A1}
		{A0DFCCE8-A671-4B2D-86B7-6F86F54324AC} = {CA9080B1-B3C9-41DD-B17D-C757908CB641}
		{D7492802-76B1-489E-BD76-E3D76F1655E4} = {8564C7DB-592C-43F0-80A2-62E2F8E718A1}
		{CBA33D0D-F49D-4108-98E6-7EE218A0089B} = {D7492802-76B1-489E-BD76-E3D76F1655E4}
		{707CFB29-4606-40E6-8A35-1CE3A452770F} = {C065A5A9-16F8-4AD1-94F8-10698E0DA861}
		{FF6CBC1B-62A0-419C-A21B-D9455292FE7B} = {E26AD2DB-7507-45E1-9E88-461DBB45FEF9}
		{1F0A893E-732D-49BC-AC29-69605B3305BB} = {FF6CBC1B-62A0-419C-A21B-D9455292FE7B}
	EndGlobalSection
	GlobalSection(ExtensibilityGlobals) = postSolution
		SolutionGuid = {36650E63-85D3-474A-A081-0FECFA20864A}
	EndGlobalSection
EndGlobal
